
Microsoft Visual Studio Solution File, Format Version 12.00
# Visual Studio Version 17
VisualStudioVersion = 17.13.35806.99
MinimumVisualStudioVersion = 10.0.40219.1
Project("{E53339B2-1760-4266-BCC7-CA923CBCF16C}") = "docker-compose", "docker-compose.dcproj", "{81DDED9D-158B-E303-5F62-77A2896D2A5A}"
EndProject
Project("{2150E333-8FDC-42A3-9474-1A3956D46DE8}") = "User", "User", "{2641E901-8C81-419E-BA64-EDCCA2193C44}"
EndProject
Project("{FAE04EC0-301F-11D3-BF4B-00C04F79EFBC}") = "User.API", "User.API\User.API.csproj", "{4B2BF863-4E9A-4F87-9FC9-AF37D3F34573}"
EndProject
Project("{FAE04EC0-301F-11D3-BF4B-00C04F79EFBC}") = "User.Domain", "User.Domain\User.Domain.csproj", "{88DBCC45-BC15-47C4-832A-1FC620103218}"
EndProject
Project("{FAE04EC0-301F-11D3-BF4B-00C04F79EFBC}") = "User.Application", "User.Application\User.Application.csproj", "{13D9F981-2150-4862-BEC1-F45E8E827228}"
EndProject
Project("{2150E333-8FDC-42A3-9474-1A3956D46DE8}") = "Product", "Product", "{02EA681E-C7D8-13C7-8484-4AC65E1B71E8}"
EndProject
Project("{2150E333-8FDC-42A3-9474-1A3956D46DE8}") = "Order", "Order", "{FC806018-1EBD-48B5-B3D0-065EF9E94978}"
EndProject
Project("{2150E333-8FDC-42A3-9474-1A3956D46DE8}") = "Payment", "Payment", "{4F419020-869F-41A5-8ACA-44029CAFA025}"
EndProject
Project("{2150E333-8FDC-42A3-9474-1A3956D46DE8}") = "Invoice", "Invoice", "{C07D8410-18F0-4CE8-AD2B-CE796797EEB0}"
EndProject
Project("{FAE04EC0-301F-11D3-BF4B-00C04F79EFBC}") = "Product.API", "Product.API\Product.API.csproj", "{28BC5408-DAA4-4860-80E3-C08CB6BF7592}"
EndProject
Project("{FAE04EC0-301F-11D3-BF4B-00C04F79EFBC}") = "Invoice.API", "Invoice.API\Invoice.API.csproj", "{ECB2479E-4709-4392-AF9C-AE89D72B3626}"
EndProject
Project("{FAE04EC0-301F-11D3-BF4B-00C04F79EFBC}") = "Product.Application", "Product.Application\Product.Application.csproj", "{E08B07A2-EC4E-4EE0-B0C3-D300D28C8F3D}"
EndProject
Project("{FAE04EC0-301F-11D3-BF4B-00C04F79EFBC}") = "Product.Domain", "Product.Domain\Product.Domain.csproj", "{202333BA-429C-4F78-9FD7-1152F9689A1A}"
EndProject
Project("{FAE04EC0-301F-11D3-BF4B-00C04F79EFBC}") = "Cart.API", "Cart.API\Cart.API.csproj", "{6A0F207A-8CE3-E131-5995-8647ED7C26AC}"
EndProject
Project("{2150E333-8FDC-42A3-9474-1A3956D46DE8}") = "ShoppingCart", "ShoppingCart", "{0369C84D-B013-4BC9-B093-A66B609134CD}"
EndProject
Project("{FAE04EC0-301F-11D3-BF4B-00C04F79EFBC}") = "Cart.Application", "Cart.Application\Cart.Application.csproj", "{6E3E0AF7-BDBE-58F0-8D57-A1F83C52688D}"
EndProject
Project("{FAE04EC0-301F-11D3-BF4B-00C04F79EFBC}") = "Cart.Domain", "Cart.Domain\Cart.Domain.csproj", "{2C670CA4-5C73-EBA4-09F5-763B22768762}"
EndProject
Project("{FAE04EC0-301F-11D3-BF4B-00C04F79EFBC}") = "Cart.Infrastructure", "Cart.Infrastructure\Cart.Infrastructure.csproj", "{76C4C9CD-E127-6E12-A5D7-1C538E38C2E6}"
EndProject
Project("{2150E333-8FDC-42A3-9474-1A3956D46DE8}") = "tests", "tests", "{87C34293-2187-4149-9592-B9A64B5D3BBF}"
EndProject
Project("{FAE04EC0-301F-11D3-BF4B-00C04F79EFBC}") = "ProductTests", "ProductTests\ProductTests.csproj", "{DE7A808C-6C80-4904-85D6-F9BBC8F0F976}"
EndProject
Project("{FAE04EC0-301F-11D3-BF4B-00C04F79EFBC}") = "Order.API", "Order.API\Order.API.csproj", "{AE1BCB09-24CA-D326-7165-40629B7900EA}"
EndProject
Project("{FAE04EC0-301F-11D3-BF4B-00C04F79EFBC}") = "Order.Application", "Order.Application\Order.Application.csproj", "{CC9C635F-DC7C-8357-0D50-AEC27D09AB2E}"
EndProject
Project("{FAE04EC0-301F-11D3-BF4B-00C04F79EFBC}") = "Order.Domain", "Order.Domain\Order.Domain.csproj", "{78E0724C-BF93-4415-5F64-1184658C8B61}"
EndProject
Project("{FAE04EC0-301F-11D3-BF4B-00C04F79EFBC}") = "Order.Infrastructure", "Order.Infrastructure\Order.Infrastructure.csproj", "{CB315926-E0B6-4BDB-AFE6-F7684854E1FC}"
EndProject
Project("{FAE04EC0-301F-11D3-BF4B-00C04F79EFBC}") = "Payment.API", "Payment.API\Payment.API.csproj", "{34C307AA-CFF9-0765-2149-3B6BAD2461B5}"
EndProject
Project("{FAE04EC0-301F-11D3-BF4B-00C04F79EFBC}") = "Payment.Application", "Payment.Application\Payment.Application.csproj", "{43CA61FB-5762-A9CD-F4D4-B1C0684D4A5B}"
EndProject
Project("{FAE04EC0-301F-11D3-BF4B-00C04F79EFBC}") = "Payment.Domain", "Payment.Domain\Payment.Domain.csproj", "{22CB3710-2FC1-5F8A-FAD5-87E6A8A4AA8F}"
EndProject
Project("{FAE04EC0-301F-11D3-BF4B-00C04F79EFBC}") = "Payment.Infrastructure", "Payment.Infrastructure\Payment.Infrastructure.csproj", "{5F2D9CFC-32D8-D907-A76C-DC7216B1D659}"
EndProject
Global
	GlobalSection(SolutionConfigurationPlatforms) = preSolution
		Debug|Any CPU = Debug|Any CPU
		Release|Any CPU = Release|Any CPU
	EndGlobalSection
	GlobalSection(ProjectConfigurationPlatforms) = postSolution
		{81DDED9D-158B-E303-5F62-77A2896D2A5A}.Debug|Any CPU.ActiveCfg = Debug|Any CPU
		{81DDED9D-158B-E303-5F62-77A2896D2A5A}.Debug|Any CPU.Build.0 = Debug|Any CPU
		{81DDED9D-158B-E303-5F62-77A2896D2A5A}.Release|Any CPU.ActiveCfg = Release|Any CPU
		{81DDED9D-158B-E303-5F62-77A2896D2A5A}.Release|Any CPU.Build.0 = Release|Any CPU
		{4B2BF863-4E9A-4F87-9FC9-AF37D3F34573}.Debug|Any CPU.ActiveCfg = Debug|Any CPU
		{4B2BF863-4E9A-4F87-9FC9-AF37D3F34573}.Debug|Any CPU.Build.0 = Debug|Any CPU
		{4B2BF863-4E9A-4F87-9FC9-AF37D3F34573}.Release|Any CPU.ActiveCfg = Release|Any CPU
		{4B2BF863-4E9A-4F87-9FC9-AF37D3F34573}.Release|Any CPU.Build.0 = Release|Any CPU
		{88DBCC45-BC15-47C4-832A-1FC620103218}.Debug|Any CPU.ActiveCfg = Debug|Any CPU
		{88DBCC45-BC15-47C4-832A-1FC620103218}.Debug|Any CPU.Build.0 = Debug|Any CPU
		{88DBCC45-BC15-47C4-832A-1FC620103218}.Release|Any CPU.ActiveCfg = Release|Any CPU
		{88DBCC45-BC15-47C4-832A-1FC620103218}.Release|Any CPU.Build.0 = Release|Any CPU
		{13D9F981-2150-4862-BEC1-F45E8E827228}.Debug|Any CPU.ActiveCfg = Debug|Any CPU
		{13D9F981-2150-4862-BEC1-F45E8E827228}.Debug|Any CPU.Build.0 = Debug|Any CPU
		{13D9F981-2150-4862-BEC1-F45E8E827228}.Release|Any CPU.ActiveCfg = Release|Any CPU
		{13D9F981-2150-4862-BEC1-F45E8E827228}.Release|Any CPU.Build.0 = Release|Any CPU
		{28BC5408-DAA4-4860-80E3-C08CB6BF7592}.Debug|Any CPU.ActiveCfg = Debug|Any CPU
		{28BC5408-DAA4-4860-80E3-C08CB6BF7592}.Debug|Any CPU.Build.0 = Debug|Any CPU
		{28BC5408-DAA4-4860-80E3-C08CB6BF7592}.Release|Any CPU.ActiveCfg = Release|Any CPU
		{28BC5408-DAA4-4860-80E3-C08CB6BF7592}.Release|Any CPU.Build.0 = Release|Any CPU
		{ECB2479E-4709-4392-AF9C-AE89D72B3626}.Debug|Any CPU.ActiveCfg = Debug|Any CPU
		{ECB2479E-4709-4392-AF9C-AE89D72B3626}.Debug|Any CPU.Build.0 = Debug|Any CPU
		{ECB2479E-4709-4392-AF9C-AE89D72B3626}.Release|Any CPU.ActiveCfg = Release|Any CPU
		{ECB2479E-4709-4392-AF9C-AE89D72B3626}.Release|Any CPU.Build.0 = Release|Any CPU
		{E08B07A2-EC4E-4EE0-B0C3-D300D28C8F3D}.Debug|Any CPU.ActiveCfg = Debug|Any CPU
		{E08B07A2-EC4E-4EE0-B0C3-D300D28C8F3D}.Debug|Any CPU.Build.0 = Debug|Any CPU
		{E08B07A2-EC4E-4EE0-B0C3-D300D28C8F3D}.Release|Any CPU.ActiveCfg = Release|Any CPU
		{E08B07A2-EC4E-4EE0-B0C3-D300D28C8F3D}.Release|Any CPU.Build.0 = Release|Any CPU
		{202333BA-429C-4F78-9FD7-1152F9689A1A}.Debug|Any CPU.ActiveCfg = Debug|Any CPU
		{202333BA-429C-4F78-9FD7-1152F9689A1A}.Debug|Any CPU.Build.0 = Debug|Any CPU
		{202333BA-429C-4F78-9FD7-1152F9689A1A}.Release|Any CPU.ActiveCfg = Release|Any CPU
		{202333BA-429C-4F78-9FD7-1152F9689A1A}.Release|Any CPU.Build.0 = Release|Any CPU
		{6A0F207A-8CE3-E131-5995-8647ED7C26AC}.Debug|Any CPU.ActiveCfg = Debug|Any CPU
		{6A0F207A-8CE3-E131-5995-8647ED7C26AC}.Debug|Any CPU.Build.0 = Debug|Any CPU
		{6A0F207A-8CE3-E131-5995-8647ED7C26AC}.Release|Any CPU.ActiveCfg = Release|Any CPU
		{6A0F207A-8CE3-E131-5995-8647ED7C26AC}.Release|Any CPU.Build.0 = Release|Any CPU
		{6E3E0AF7-BDBE-58F0-8D57-A1F83C52688D}.Debug|Any CPU.ActiveCfg = Debug|Any CPU
		{6E3E0AF7-BDBE-58F0-8D57-A1F83C52688D}.Debug|Any CPU.Build.0 = Debug|Any CPU
		{6E3E0AF7-BDBE-58F0-8D57-A1F83C52688D}.Release|Any CPU.ActiveCfg = Release|Any CPU
		{6E3E0AF7-BDBE-58F0-8D57-A1F83C52688D}.Release|Any CPU.Build.0 = Release|Any CPU
		{2C670CA4-5C73-EBA4-09F5-763B22768762}.Debug|Any CPU.ActiveCfg = Debug|Any CPU
		{2C670CA4-5C73-EBA4-09F5-763B22768762}.Debug|Any CPU.Build.0 = Debug|Any CPU
		{2C670CA4-5C73-EBA4-09F5-763B22768762}.Release|Any CPU.ActiveCfg = Release|Any CPU
		{2C670CA4-5C73-EBA4-09F5-763B22768762}.Release|Any CPU.Build.0 = Release|Any CPU
		{76C4C9CD-E127-6E12-A5D7-1C538E38C2E6}.Debug|Any CPU.ActiveCfg = Debug|Any CPU
		{76C4C9CD-E127-6E12-A5D7-1C538E38C2E6}.Debug|Any CPU.Build.0 = Debug|Any CPU
		{76C4C9CD-E127-6E12-A5D7-1C538E38C2E6}.Release|Any CPU.ActiveCfg = Release|Any CPU
		{76C4C9CD-E127-6E12-A5D7-1C538E38C2E6}.Release|Any CPU.Build.0 = Release|Any CPU
		{DE7A808C-6C80-4904-85D6-F9BBC8F0F976}.Debug|Any CPU.ActiveCfg = Debug|Any CPU
		{DE7A808C-6C80-4904-85D6-F9BBC8F0F976}.Debug|Any CPU.Build.0 = Debug|Any CPU
		{DE7A808C-6C80-4904-85D6-F9BBC8F0F976}.Release|Any CPU.ActiveCfg = Release|Any CPU
		{DE7A808C-6C80-4904-85D6-F9BBC8F0F976}.Release|Any CPU.Build.0 = Release|Any CPU
		{AE1BCB09-24CA-D326-7165-40629B7900EA}.Debug|Any CPU.ActiveCfg = Debug|Any CPU
		{AE1BCB09-24CA-D326-7165-40629B7900EA}.Debug|Any CPU.Build.0 = Debug|Any CPU
		{AE1BCB09-24CA-D326-7165-40629B7900EA}.Release|Any CPU.ActiveCfg = Release|Any CPU
		{AE1BCB09-24CA-D326-7165-40629B7900EA}.Release|Any CPU.Build.0 = Release|Any CPU
		{CC9C635F-DC7C-8357-0D50-AEC27D09AB2E}.Debug|Any CPU.ActiveCfg = Debug|Any CPU
		{CC9C635F-DC7C-8357-0D50-AEC27D09AB2E}.Debug|Any CPU.Build.0 = Debug|Any CPU
		{CC9C635F-DC7C-8357-0D50-AEC27D09AB2E}.Release|Any CPU.ActiveCfg = Release|Any CPU
		{CC9C635F-DC7C-8357-0D50-AEC27D09AB2E}.Release|Any CPU.Build.0 = Release|Any CPU
		{78E0724C-BF93-4415-5F64-1184658C8B61}.Debug|Any CPU.ActiveCfg = Debug|Any CPU
		{78E0724C-BF93-4415-5F64-1184658C8B61}.Debug|Any CPU.Build.0 = Debug|Any CPU
		{78E0724C-BF93-4415-5F64-1184658C8B61}.Release|Any CPU.ActiveCfg = Release|Any CPU
		{78E0724C-BF93-4415-5F64-1184658C8B61}.Release|Any CPU.Build.0 = Release|Any CPU
		{CB315926-E0B6-4BDB-AFE6-F7684854E1FC}.Debug|Any CPU.ActiveCfg = Debug|Any CPU
		{CB315926-E0B6-4BDB-AFE6-F7684854E1FC}.Debug|Any CPU.Build.0 = Debug|Any CPU
		{CB315926-E0B6-4BDB-AFE6-F7684854E1FC}.Release|Any CPU.ActiveCfg = Release|Any CPU
		{CB315926-E0B6-4BDB-AFE6-F7684854E1FC}.Release|Any CPU.Build.0 = Release|Any CPU
		{34C307AA-CFF9-0765-2149-3B6BAD2461B5}.Debug|Any CPU.ActiveCfg = Debug|Any CPU
		{34C307AA-CFF9-0765-2149-3B6BAD2461B5}.Debug|Any CPU.Build.0 = Debug|Any CPU
		{34C307AA-CFF9-0765-2149-3B6BAD2461B5}.Release|Any CPU.ActiveCfg = Release|Any CPU
		{34C307AA-CFF9-0765-2149-3B6BAD2461B5}.Release|Any CPU.Build.0 = Release|Any CPU
		{43CA61FB-5762-A9CD-F4D4-B1C0684D4A5B}.Debug|Any CPU.ActiveCfg = Debug|Any CPU
		{43CA61FB-5762-A9CD-F4D4-B1C0684D4A5B}.Debug|Any CPU.Build.0 = Debug|Any CPU
		{43CA61FB-5762-A9CD-F4D4-B1C0684D4A5B}.Release|Any CPU.ActiveCfg = Release|Any CPU
		{43CA61FB-5762-A9CD-F4D4-B1C0684D4A5B}.Release|Any CPU.Build.0 = Release|Any CPU
		{22CB3710-2FC1-5F8A-FAD5-87E6A8A4AA8F}.Debug|Any CPU.ActiveCfg = Debug|Any CPU
		{22CB3710-2FC1-5F8A-FAD5-87E6A8A4AA8F}.Debug|Any CPU.Build.0 = Debug|Any CPU
		{22CB3710-2FC1-5F8A-FAD5-87E6A8A4AA8F}.Release|Any CPU.ActiveCfg = Release|Any CPU
		{22CB3710-2FC1-5F8A-FAD5-87E6A8A4AA8F}.Release|Any CPU.Build.0 = Release|Any CPU
		{5F2D9CFC-32D8-D907-A76C-DC7216B1D659}.Debug|Any CPU.ActiveCfg = Debug|Any CPU
		{5F2D9CFC-32D8-D907-A76C-DC7216B1D659}.Debug|Any CPU.Build.0 = Debug|Any CPU
		{5F2D9CFC-32D8-D907-A76C-DC7216B1D659}.Release|Any CPU.ActiveCfg = Release|Any CPU
		{5F2D9CFC-32D8-D907-A76C-DC7216B1D659}.Release|Any CPU.Build.0 = Release|Any CPU
	EndGlobalSection
	GlobalSection(SolutionProperties) = preSolution
		HideSolutionNode = FALSE
	EndGlobalSection
	GlobalSection(NestedProjects) = preSolution
		{4B2BF863-4E9A-4F87-9FC9-AF37D3F34573} = {2641E901-8C81-419E-BA64-EDCCA2193C44}
		{88DBCC45-BC15-47C4-832A-1FC620103218} = {2641E901-8C81-419E-BA64-EDCCA2193C44}
		{13D9F981-2150-4862-BEC1-F45E8E827228} = {2641E901-8C81-419E-BA64-EDCCA2193C44}
		{28BC5408-DAA4-4860-80E3-C08CB6BF7592} = {02EA681E-C7D8-13C7-8484-4AC65E1B71E8}
		{ECB2479E-4709-4392-AF9C-AE89D72B3626} = {C07D8410-18F0-4CE8-AD2B-CE796797EEB0}
		{E08B07A2-EC4E-4EE0-B0C3-D300D28C8F3D} = {02EA681E-C7D8-13C7-8484-4AC65E1B71E8}
		{202333BA-429C-4F78-9FD7-1152F9689A1A} = {02EA681E-C7D8-13C7-8484-4AC65E1B71E8}
		{6A0F207A-8CE3-E131-5995-8647ED7C26AC} = {0369C84D-B013-4BC9-B093-A66B609134CD}
		{6E3E0AF7-BDBE-58F0-8D57-A1F83C52688D} = {0369C84D-B013-4BC9-B093-A66B609134CD}
		{2C670CA4-5C73-EBA4-09F5-763B22768762} = {0369C84D-B013-4BC9-B093-A66B609134CD}
		{76C4C9CD-E127-6E12-A5D7-1C538E38C2E6} = {0369C84D-B013-4BC9-B093-A66B609134CD}
		{DE7A808C-6C80-4904-85D6-F9BBC8F0F976} = {87C34293-2187-4149-9592-B9A64B5D3BBF}
		{AE1BCB09-24CA-D326-7165-40629B7900EA} = {FC806018-1EBD-48B5-B3D0-065EF9E94978}
		{CC9C635F-DC7C-8357-0D50-AEC27D09AB2E} = {FC806018-1EBD-48B5-B3D0-065EF9E94978}
		{78E0724C-BF93-4415-5F64-1184658C8B61} = {FC806018-1EBD-48B5-B3D0-065EF9E94978}
		{CB315926-E0B6-4BDB-AFE6-F7684854E1FC} = {FC806018-1EBD-48B5-B3D0-065EF9E94978}
		{34C307AA-CFF9-0765-2149-3B6BAD2461B5} = {4F419020-869F-41A5-8ACA-44029CAFA025}
		{43CA61FB-5762-A9CD-F4D4-B1C0684D4A5B} = {4F419020-869F-41A5-8ACA-44029CAFA025}
		{22CB3710-2FC1-5F8A-FAD5-87E6A8A4AA8F} = {4F419020-869F-41A5-8ACA-44029CAFA025}
		{5F2D9CFC-32D8-D907-A76C-DC7216B1D659} = {4F419020-869F-41A5-8ACA-44029CAFA025}
	EndGlobalSection
	GlobalSection(ExtensibilityGlobals) = postSolution
		SolutionGuid = {233E5992-9E95-4D32-9DB9-747ADC5A4A0B}
	EndGlobalSection
EndGlobal
