
Microsoft Visual Studio Solution File, Format Version 12.00
# Visual Studio Version 17
VisualStudioVersion = 17.13.35806.99
MinimumVisualStudioVersion = 10.0.40219.1
Project("{FAE04EC0-301F-11D3-BF4B-00C04F79EFBC}") = "EduZoneService", "EduZoneService\EduZoneService.csproj", "{91F81F87-AF68-44A9-9614-295C7FC0515E}"
EndProject
Project("{FAE04EC0-301F-11D3-BF4B-00C04F79EFBC}") = "EduZone.Application", "EduZone.Application\EduZone.Application.csproj", "{C5BCA0BF-8536-4CBE-B880-9DE95A5D7EE8}"
EndProject
Project("{FAE04EC0-301F-11D3-BF4B-00C04F79EFBC}") = "EduZone.Application.Tests", "EduZone.Application.Tests\EduZone.Application.Tests.csproj", "{30CEA913-4BCF-41EA-919C-6B16A808131F}"
EndProject
Project("{FAE04EC0-301F-11D3-BF4B-00C04F79EFBC}") = "EduZone.Domain", "EduZone.Domain\EduZone.Domain.csproj", "{DCDB77FE-78C9-4DBF-AD6E-313622053F6B}"
EndProject
Project("{FAE04EC0-301F-11D3-BF4B-00C04F79EFBC}") = "EduZone.Domain.Tests", "EduZone.Domain.Tests\EduZone.Domain.Tests.csproj", "{EB09680A-239D-495C-88D2-65E356592578}"
EndProject
Project("{2150E333-8FDC-42A3-9474-1A3956D46DE8}") = "test", "test", "{02EA681E-C7D8-13C7-8484-4AC65E1B71E8}"
EndProject
Project("{FAE04EC0-301F-11D3-BF4B-00C04F79EFBC}") = "EduZoneService.Tests", "EduZoneService.Tests\EduZoneService.Tests.csproj", "{810478AA-1AB7-409F-91CD-80F43685DF88}"
EndProject
Project("{FAE04EC0-301F-11D3-BF4B-00C04F79EFBC}") = "EduZoneService.IntegrationTests", "EduZoneService.IntegrationTests\EduZoneService.IntegrationTests.csproj", "{C946D5AB-9A7E-41CB-B066-DCC9892813F0}"
EndProject
Project("{E53339B2-1760-4266-BCC7-CA923CBCF16C}") = "docker-compose", "docker-compose.dcproj", "{81DDED9D-158B-E303-5F62-77A2896D2A5A}"
EndProject
Project("{2150E333-8FDC-42A3-9474-1A3956D46DE8}") = "EduZone", "EduZone", "{B9FFFED8-5ED3-489C-8A3F-B08EEAD3776D}"
EndProject
Project("{2150E333-8FDC-42A3-9474-1A3956D46DE8}") = "User", "User", "{2641E901-8C81-419E-BA64-EDCCA2193C44}"
EndProject
Project("{FAE04EC0-301F-11D3-BF4B-00C04F79EFBC}") = "UserService", "UserService\UserService.csproj", "{4B2BF863-4E9A-4F87-9FC9-AF37D3F34573}"
EndProject
Project("{FAE04EC0-301F-11D3-BF4B-00C04F79EFBC}") = "User.Domain", "User.Domain\User.Domain.csproj", "{88DBCC45-BC15-47C4-832A-1FC620103218}"
EndProject
Project("{FAE04EC0-301F-11D3-BF4B-00C04F79EFBC}") = "User.Application", "User.Application\User.Application.csproj", "{13D9F981-2150-4862-BEC1-F45E8E827228}"
EndProject
Global
	GlobalSection(SolutionConfigurationPlatforms) = preSolution
		Debug|Any CPU = Debug|Any CPU
		Release|Any CPU = Release|Any CPU
	EndGlobalSection
	GlobalSection(ProjectConfigurationPlatforms) = postSolution
		{91F81F87-AF68-44A9-9614-295C7FC0515E}.Debug|Any CPU.ActiveCfg = Debug|Any CPU
		{91F81F87-AF68-44A9-9614-295C7FC0515E}.Debug|Any CPU.Build.0 = Debug|Any CPU
		{91F81F87-AF68-44A9-9614-295C7FC0515E}.Release|Any CPU.ActiveCfg = Release|Any CPU
		{91F81F87-AF68-44A9-9614-295C7FC0515E}.Release|Any CPU.Build.0 = Release|Any CPU
		{C5BCA0BF-8536-4CBE-B880-9DE95A5D7EE8}.Debug|Any CPU.ActiveCfg = Debug|Any CPU
		{C5BCA0BF-8536-4CBE-B880-9DE95A5D7EE8}.Debug|Any CPU.Build.0 = Debug|Any CPU
		{C5BCA0BF-8536-4CBE-B880-9DE95A5D7EE8}.Release|Any CPU.ActiveCfg = Release|Any CPU
		{C5BCA0BF-8536-4CBE-B880-9DE95A5D7EE8}.Release|Any CPU.Build.0 = Release|Any CPU
		{30CEA913-4BCF-41EA-919C-6B16A808131F}.Debug|Any CPU.ActiveCfg = Debug|Any CPU
		{30CEA913-4BCF-41EA-919C-6B16A808131F}.Debug|Any CPU.Build.0 = Debug|Any CPU
		{30CEA913-4BCF-41EA-919C-6B16A808131F}.Release|Any CPU.ActiveCfg = Release|Any CPU
		{30CEA913-4BCF-41EA-919C-6B16A808131F}.Release|Any CPU.Build.0 = Release|Any CPU
		{DCDB77FE-78C9-4DBF-AD6E-313622053F6B}.Debug|Any CPU.ActiveCfg = Debug|Any CPU
		{DCDB77FE-78C9-4DBF-AD6E-313622053F6B}.Debug|Any CPU.Build.0 = Debug|Any CPU
		{DCDB77FE-78C9-4DBF-AD6E-313622053F6B}.Release|Any CPU.ActiveCfg = Release|Any CPU
		{DCDB77FE-78C9-4DBF-AD6E-313622053F6B}.Release|Any CPU.Build.0 = Release|Any CPU
		{EB09680A-239D-495C-88D2-65E356592578}.Debug|Any CPU.ActiveCfg = Debug|Any CPU
		{EB09680A-239D-495C-88D2-65E356592578}.Debug|Any CPU.Build.0 = Debug|Any CPU
		{EB09680A-239D-495C-88D2-65E356592578}.Release|Any CPU.ActiveCfg = Release|Any CPU
		{EB09680A-239D-495C-88D2-65E356592578}.Release|Any CPU.Build.0 = Release|Any CPU
		{810478AA-1AB7-409F-91CD-80F43685DF88}.Debug|Any CPU.ActiveCfg = Debug|Any CPU
		{810478AA-1AB7-409F-91CD-80F43685DF88}.Debug|Any CPU.Build.0 = Debug|Any CPU
		{810478AA-1AB7-409F-91CD-80F43685DF88}.Release|Any CPU.ActiveCfg = Release|Any CPU
		{810478AA-1AB7-409F-91CD-80F43685DF88}.Release|Any CPU.Build.0 = Release|Any CPU
		{C946D5AB-9A7E-41CB-B066-DCC9892813F0}.Debug|Any CPU.ActiveCfg = Debug|Any CPU
		{C946D5AB-9A7E-41CB-B066-DCC9892813F0}.Debug|Any CPU.Build.0 = Debug|Any CPU
		{C946D5AB-9A7E-41CB-B066-DCC9892813F0}.Release|Any CPU.ActiveCfg = Release|Any CPU
		{C946D5AB-9A7E-41CB-B066-DCC9892813F0}.Release|Any CPU.Build.0 = Release|Any CPU
		{81DDED9D-158B-E303-5F62-77A2896D2A5A}.Debug|Any CPU.ActiveCfg = Debug|Any CPU
		{81DDED9D-158B-E303-5F62-77A2896D2A5A}.Debug|Any CPU.Build.0 = Debug|Any CPU
		{81DDED9D-158B-E303-5F62-77A2896D2A5A}.Release|Any CPU.ActiveCfg = Release|Any CPU
		{81DDED9D-158B-E303-5F62-77A2896D2A5A}.Release|Any CPU.Build.0 = Release|Any CPU
		{4B2BF863-4E9A-4F87-9FC9-AF37D3F34573}.Debug|Any CPU.ActiveCfg = Debug|Any CPU
		{4B2BF863-4E9A-4F87-9FC9-AF37D3F34573}.Debug|Any CPU.Build.0 = Debug|Any CPU
		{4B2BF863-4E9A-4F87-9FC9-AF37D3F34573}.Release|Any CPU.ActiveCfg = Release|Any CPU
		{4B2BF863-4E9A-4F87-9FC9-AF37D3F34573}.Release|Any CPU.Build.0 = Release|Any CPU
		{88DBCC45-BC15-47C4-832A-1FC620103218}.Debug|Any CPU.ActiveCfg = Debug|Any CPU
		{88DBCC45-BC15-47C4-832A-1FC620103218}.Debug|Any CPU.Build.0 = Debug|Any CPU
		{88DBCC45-BC15-47C4-832A-1FC620103218}.Release|Any CPU.ActiveCfg = Release|Any CPU
		{88DBCC45-BC15-47C4-832A-1FC620103218}.Release|Any CPU.Build.0 = Release|Any CPU
		{13D9F981-2150-4862-BEC1-F45E8E827228}.Debug|Any CPU.ActiveCfg = Debug|Any CPU
		{13D9F981-2150-4862-BEC1-F45E8E827228}.Debug|Any CPU.Build.0 = Debug|Any CPU
		{13D9F981-2150-4862-BEC1-F45E8E827228}.Release|Any CPU.ActiveCfg = Release|Any CPU
		{13D9F981-2150-4862-BEC1-F45E8E827228}.Release|Any CPU.Build.0 = Release|Any CPU
	EndGlobalSection
	GlobalSection(SolutionProperties) = preSolution
		HideSolutionNode = FALSE
	EndGlobalSection
	GlobalSection(NestedProjects) = preSolution
		{91F81F87-AF68-44A9-9614-295C7FC0515E} = {B9FFFED8-5ED3-489C-8A3F-B08EEAD3776D}
		{C5BCA0BF-8536-4CBE-B880-9DE95A5D7EE8} = {B9FFFED8-5ED3-489C-8A3F-B08EEAD3776D}
		{30CEA913-4BCF-41EA-919C-6B16A808131F} = {02EA681E-C7D8-13C7-8484-4AC65E1B71E8}
		{DCDB77FE-78C9-4DBF-AD6E-313622053F6B} = {B9FFFED8-5ED3-489C-8A3F-B08EEAD3776D}
		{EB09680A-239D-495C-88D2-65E356592578} = {02EA681E-C7D8-13C7-8484-4AC65E1B71E8}
		{02EA681E-C7D8-13C7-8484-4AC65E1B71E8} = {B9FFFED8-5ED3-489C-8A3F-B08EEAD3776D}
		{810478AA-1AB7-409F-91CD-80F43685DF88} = {02EA681E-C7D8-13C7-8484-4AC65E1B71E8}
		{C946D5AB-9A7E-41CB-B066-DCC9892813F0} = {02EA681E-C7D8-13C7-8484-4AC65E1B71E8}
		{4B2BF863-4E9A-4F87-9FC9-AF37D3F34573} = {2641E901-8C81-419E-BA64-EDCCA2193C44}
		{88DBCC45-BC15-47C4-832A-1FC620103218} = {2641E901-8C81-419E-BA64-EDCCA2193C44}
		{13D9F981-2150-4862-BEC1-F45E8E827228} = {2641E901-8C81-419E-BA64-EDCCA2193C44}
	EndGlobalSection
	GlobalSection(ExtensibilityGlobals) = postSolution
		SolutionGuid = {233E5992-9E95-4D32-9DB9-747ADC5A4A0B}
	EndGlobalSection
EndGlobal
